// !$*UTF8*$!
{
	archiveVersion = 1;
	classes = {
	};
	objectVersion = 50;
	objects = {

/* Begin PBXBuildFile section */
		F2D4716923CE6364006A7CA3 /* AppDelegate.swift in Sources */ = {isa = PBXBuildFile; fileRef = F2D4716823CE6364006A7CA3 /* AppDelegate.swift */; };
		F2D4716B23CE6364006A7CA3 /* SceneDelegate.swift in Sources */ = {isa = PBXBuildFile; fileRef = F2D4716A23CE6364006A7CA3 /* SceneDelegate.swift */; };
		F2D4716D23CE6364006A7CA3 /* ViewController.swift in Sources */ = {isa = PBXBuildFile; fileRef = F2D4716C23CE6364006A7CA3 /* ViewController.swift */; };
		F2D4717023CE6364006A7CA3 /* Main.storyboard in Resources */ = {isa = PBXBuildFile; fileRef = F2D4716E23CE6364006A7CA3 /* Main.storyboard */; };
		F2D4717223CE6366006A7CA3 /* Assets.xcassets in Resources */ = {isa = PBXBuildFile; fileRef = F2D4717123CE6366006A7CA3 /* Assets.xcassets */; };
		F2D4717523CE6366006A7CA3 /* LaunchScreen.storyboard in Resources */ = {isa = PBXBuildFile; fileRef = F2D4717323CE6366006A7CA3 /* LaunchScreen.storyboard */; };
		F2D4717F23CE657F006A7CA3 /* locationButton@2x.png in Resources */ = {isa = PBXBuildFile; fileRef = F2D4717C23CE657F006A7CA3 /* locationButton@2x.png */; };
		F2D4718023CE657F006A7CA3 /* locationButton@3x.png in Resources */ = {isa = PBXBuildFile; fileRef = F2D4717D23CE657F006A7CA3 /* locationButton@3x.png */; };
		F2D4718123CE657F006A7CA3 /* locationButton.png in Resources */ = {isa = PBXBuildFile; fileRef = F2D4717E23CE657F006A7CA3 /* locationButton.png */; };
		F2D4718423CE9462006A7CA3 /* zoomIN.png in Resources */ = {isa = PBXBuildFile; fileRef = F2D4718223CE9462006A7CA3 /* zoomIN.png */; };
		F2D4718523CE9462006A7CA3 /* zoomOUT.png in Resources */ = {isa = PBXBuildFile; fileRef = F2D4718323CE9462006A7CA3 /* zoomOUT.png */; };
/* End PBXBuildFile section */

/* Begin PBXFileReference section */
		F2D4716523CE6364006A7CA3 /* Parth_C0766346_LA1.app */ = {isa = PBXFileReference; explicitFileType = wrapper.application; includeInIndex = 0; path = Parth_C0766346_LA1.app; sourceTree = BUILT_PRODUCTS_DIR; };
		F2D4716823CE6364006A7CA3 /* AppDelegate.swift */ = {isa = PBXFileReference; lastKnownFileType = sourcecode.swift; path = AppDelegate.swift; sourceTree = "<group>"; };
		F2D4716A23CE6364006A7CA3 /* SceneDelegate.swift */ = {isa = PBXFileReference; lastKnownFileType = sourcecode.swift; path = SceneDelegate.swift; sourceTree = "<group>"; };
		F2D4716C23CE6364006A7CA3 /* ViewController.swift */ = {isa = PBXFileReference; lastKnownFileType = sourcecode.swift; path = ViewController.swift; sourceTree = "<group>"; };
		F2D4716F23CE6364006A7CA3 /* Base */ = {isa = PBXFileReference; lastKnownFileType = file.storyboard; name = Base; path = Base.lproj/Main.storyboard; sourceTree = "<group>"; };
		F2D4717123CE6366006A7CA3 /* Assets.xcassets */ = {isa = PBXFileReference; lastKnownFileType = folder.assetcatalog; path = Assets.xcassets; sourceTree = "<group>"; };
		F2D4717423CE6366006A7CA3 /* Base */ = {isa = PBXFileReference; lastKnownFileType = file.storyboard; name = Base; path = Base.lproj/LaunchScreen.storyboard; sourceTree = "<group>"; };
		F2D4717623CE6366006A7CA3 /* Info.plist */ = {isa = PBXFileReference; lastKnownFileType = text.plist.xml; path = Info.plist; sourceTree = "<group>"; };
		F2D4717C23CE657F006A7CA3 /* locationButton@2x.png */ = {isa = PBXFileReference; lastKnownFileType = image.png; path = "locationButton@2x.png"; sourceTree = "<group>"; };
		F2D4717D23CE657F006A7CA3 /* locationButton@3x.png */ = {isa = PBXFileReference; lastKnownFileType = image.png; path = "locationButton@3x.png"; sourceTree = "<group>"; };
		F2D4717E23CE657F006A7CA3 /* locationButton.png */ = {isa = PBXFileReference; lastKnownFileType = image.png; path = locationButton.png; sourceTree = "<group>"; };
		F2D4718223CE9462006A7CA3 /* zoomIN.png */ = {isa = PBXFileReference; lastKnownFileType = image.png; path = zoomIN.png; sourceTree = "<group>"; };
		F2D4718323CE9462006A7CA3 /* zoomOUT.png */ = {isa = PBXFileReference; lastKnownFileType = image.png; path = zoomOUT.png; sourceTree = "<group>"; };
/* End PBXFileReference section */

/* Begin PBXFrameworksBuildPhase section */
		F2D4716223CE6364006A7CA3 /* Frameworks */ = {
			isa = PBXFrameworksBuildPhase;
			buildActionMask = 2147483647;
			files = (
			);
			runOnlyForDeploymentPostprocessing = 0;
		};
/* End PBXFrameworksBuildPhase section */

/* Begin PBXGroup section */
		F2D4715C23CE6364006A7CA3 = {
			isa = PBXGroup;
			children = (
				F2D4716723CE6364006A7CA3 /* Parth_C0766346_LA1 */,
				F2D4716623CE6364006A7CA3 /* Products */,
			);
			sourceTree = "<group>";
		};
		F2D4716623CE6364006A7CA3 /* Products */ = {
			isa = PBXGroup;
			children = (
				F2D4716523CE6364006A7CA3 /* Parth_C0766346_LA1.app */,
			);
			name = Products;
			sourceTree = "<group>";
		};
		F2D4716723CE6364006A7CA3 /* Parth_C0766346_LA1 */ = {
			isa = PBXGroup;
			children = (
				F2D4718223CE9462006A7CA3 /* zoomIN.png */,
				F2D4718323CE9462006A7CA3 /* zoomOUT.png */,
				F2D4717E23CE657F006A7CA3 /* locationButton.png */,
				F2D4717C23CE657F006A7CA3 /* locationButton@2x.png */,
				F2D4717D23CE657F006A7CA3 /* locationButton@3x.png */,
				F2D4716823CE6364006A7CA3 /* AppDelegate.swift */,
				F2D4716A23CE6364006A7CA3 /* SceneDelegate.swift */,
				F2D4716C23CE6364006A7CA3 /* ViewController.swift */,
				F2D4716E23CE6364006A7CA3 /* Main.storyboard */,
				F2D4717123CE6366006A7CA3 /* Assets.xcassets */,
				F2D4717323CE6366006A7CA3 /* LaunchScreen.storyboard */,
				F2D4717623CE6366006A7CA3 /* Info.plist */,
			);
			path = Parth_C0766346_LA1;
			sourceTree = "<group>";
		};
/* End PBXGroup section */

/* Begin PBXNativeTarget section */
		F2D4716423CE6364006A7CA3 /* Parth_C0766346_LA1 */ = {
			isa = PBXNativeTarget;
			buildConfigurationList = F2D4717923CE6366006A7CA3 /* Build configuration list for PBXNativeTarget "Parth_C0766346_LA1" */;
			buildPhases = (
				F2D4716123CE6364006A7CA3 /* Sources */,
				F2D4716223CE6364006A7CA3 /* Frameworks */,
				F2D4716323CE6364006A7CA3 /* Resources */,
			);
			buildRules = (
			);
			dependencies = (
			);
			name = Parth_C0766346_LA1;
			productName = Parth_C0766346_LA1;
			productReference = F2D4716523CE6364006A7CA3 /* Parth_C0766346_LA1.app */;
			productType = "com.apple.product-type.application";
		};
/* End PBXNativeTarget section */

/* Begin PBXProject section */
		F2D4715D23CE6364006A7CA3 /* Project object */ = {
			isa = PBXProject;
			attributes = {
				LastSwiftUpdateCheck = 1130;
				LastUpgradeCheck = 1130;
				ORGANIZATIONNAME = "Parth Dalwadi";
				TargetAttributes = {
					F2D4716423CE6364006A7CA3 = {
						CreatedOnToolsVersion = 11.3;
					};
				};
			};
			buildConfigurationList = F2D4716023CE6364006A7CA3 /* Build configuration list for PBXProject "Parth_C0766346_LA1" */;
			compatibilityVersion = "Xcode 9.3";
			developmentRegion = en;
			hasScannedForEncodings = 0;
			knownRegions = (
				en,
				Base,
			);
			mainGroup = F2D4715C23CE6364006A7CA3;
			productRefGroup = F2D4716623CE6364006A7CA3 /* Products */;
			projectDirPath = "";
			projectRoot = "";
			targets = (
				F2D4716423CE6364006A7CA3 /* Parth_C0766346_LA1 */,
			);
		};
/* End PBXProject section */

/* Begin PBXResourcesBuildPhase section */
		F2D4716323CE6364006A7CA3 /* Resources */ = {
			isa = PBXResourcesBuildPhase;
			buildActionMask = 2147483647;
			files = (
				F2D4718423CE9462006A7CA3 /* zoomIN.png in Resources */,
				F2D4717523CE6366006A7CA3 /* LaunchScreen.storyboard in Resources */,
				F2D4718023CE657F006A7CA3 /* locationButton@3x.png in Resources */,
				F2D4718523CE9462006A7CA3 /* zoomOUT.png in Resources */,
				F2D4717223CE6366006A7CA3 /* Assets.xcassets in Resources */,
				F2D4717023CE6364006A7CA3 /* Main.storyboard in Resources */,
				F2D4718123CE657F006A7CA3 /* locationButton.png in Resources */,
				F2D4717F23CE657F006A7CA3 /* locationButton@2x.png in Resources */,
			);
			runOnlyForDeploymentPostprocessing = 0;
		};
/* End PBXResourcesBuildPhase section */

/* Begin PBXSourcesBuildPhase section */
		F2D4716123CE6364006A7CA3 /* Sources */ = {
			isa = PBXSourcesBuildPhase;
			buildActionMask = 2147483647;
			files = (
				F2D4716D23CE6364006A7CA3 /* ViewController.swift in Sources */,
				F2D4716923CE6364006A7CA3 /* AppDelegate.swift in Sources */,
				F2D4716B23CE6364006A7CA3 /* SceneDelegate.swift in Sources */,
			);
			runOnlyForDeploymentPostprocessing = 0;
		};
/* End PBXSourcesBuildPhase section */

/* Begin PBXVariantGroup section */
		F2D4716E23CE6364006A7CA3 /* Main.storyboard */ = {
			isa = PBXVariantGroup;
			children = (
				F2D4716F23CE6364006A7CA3 /* Base */,
			);
			name = Main.storyboard;
			sourceTree = "<group>";
		};
		F2D4717323CE6366006A7CA3 /* LaunchScreen.storyboard */ = {
			isa = PBXVariantGroup;
			children = (
				F2D4717423CE6366006A7CA3 /* Base */,
			);
			name = LaunchScreen.storyboard;
			sourceTree = "<group>";
		};
/* End PBXVariantGroup section */

/* Begin XCBuildConfiguration section */
		F2D4717723CE6366006A7CA3 /* Debug */ = {
			isa = XCBuildConfiguration;
			buildSettings = {
				ALWAYS_SEARCH_USER_PATHS = NO;
				CLANG_ANALYZER_NONNULL = YES;
				CLANG_ANALYZER_NUMBER_OBJECT_CONVERSION = YES_AGGRESSIVE;
				CLANG_CXX_LANGUAGE_STANDARD = "gnu++14";
				CLANG_CXX_LIBRARY = "libc++";
				CLANG_ENABLE_MODULES = YES;
				CLANG_ENABLE_OBJC_ARC = YES;
				CLANG_ENABLE_OBJC_WEAK = YES;
				CLANG_WARN_BLOCK_CAPTURE_AUTORELEASING = YES;
				CLANG_WARN_BOOL_CONVERSION = YES;
				CLANG_WARN_COMMA = YES;
				CLANG_WARN_CONSTANT_CONVERSION = YES;
				CLANG_WARN_DEPRECATED_OBJC_IMPLEMENTATIONS = YES;
				CLANG_WARN_DIRECT_OBJC_ISA_USAGE = YES_ERROR;
				CLANG_WARN_DOCUMENTATION_COMMENTS = YES;
				CLANG_WARN_EMPTY_BODY = YES;
				CLANG_WARN_ENUM_CONVERSION = YES;
				CLANG_WARN_INFINITE_RECURSION = YES;
				CLANG_WARN_INT_CONVERSION = YES;
				CLANG_WARN_NON_LITERAL_NULL_CONVERSION = YES;
				CLANG_WARN_OBJC_IMPLICIT_RETAIN_SELF = YES;
				CLANG_WARN_OBJC_LITERAL_CONVERSION = YES;
				CLANG_WARN_OBJC_ROOT_CLASS = YES_ERROR;
				CLANG_WARN_RANGE_LOOP_ANALYSIS = YES;
				CLANG_WARN_STRICT_PROTOTYPES = YES;
				CLANG_WARN_SUSPICIOUS_MOVE = YES;
				CLANG_WARN_UNGUARDED_AVAILABILITY = YES_AGGRESSIVE;
				CLANG_WARN_UNREACHABLE_CODE = YES;
				CLANG_WARN__DUPLICATE_METHOD_MATCH = YES;
				COPY_PHASE_STRIP = NO;
				DEBUG_INFORMATION_FORMAT = dwarf;
				ENABLE_STRICT_OBJC_MSGSEND = YES;
				ENABLE_TESTABILITY = YES;
				GCC_C_LANGUAGE_STANDARD = gnu11;
				GCC_DYNAMIC_NO_PIC = NO;
				GCC_NO_COMMON_BLOCKS = YES;
				GCC_OPTIMIZATION_LEVEL = 0;
				GCC_PREPROCESSOR_DEFINITIONS = (
					"DEBUG=1",
					"$(inherited)",
				);
				GCC_WARN_64_TO_32_BIT_CONVERSION = YES;
				GCC_WARN_ABOUT_RETURN_TYPE = YES_ERROR;
				GCC_WARN_UNDECLARED_SELECTOR = YES;
				GCC_WARN_UNINITIALIZED_AUTOS = YES_AGGRESSIVE;
				GCC_WARN_UNUSED_FUNCTION = YES;
				GCC_WARN_UNUSED_VARIABLE = YES;
				IPHONEOS_DEPLOYMENT_TARGET = 13.2;
				MTL_ENABLE_DEBUG_INFO = INCLUDE_SOURCE;
				MTL_FAST_MATH = YES;
				ONLY_ACTIVE_ARCH = YES;
				SDKROOT = iphoneos;
				SWIFT_ACTIVE_COMPILATION_CONDITIONS = DEBUG;
				SWIFT_OPTIMIZATION_LEVEL = "-Onone";
			};
			name = Debug;
		};
		F2D4717823CE6366006A7CA3 /* Release */ = {
			isa = XCBuildConfiguration;
			buildSettings = {
				ALWAYS_SEARCH_USER_PATHS = NO;
				CLANG_ANALYZER_NONNULL = YES;
				CLANG_ANALYZER_NUMBER_OBJECT_CONVERSION = YES_AGGRESSIVE;
				CLANG_CXX_LANGUAGE_STANDARD = "gnu++14";
				CLANG_CXX_LIBRARY = "libc++";
				CLANG_ENABLE_MODULES = YES;
				CLANG_ENABLE_OBJC_ARC = YES;
				CLANG_ENABLE_OBJC_WEAK = YES;
				CLANG_WARN_BLOCK_CAPTURE_AUTORELEASING = YES;
				CLANG_WARN_BOOL_CONVERSION = YES;
				CLANG_WARN_COMMA = YES;
				CLANG_WARN_CONSTANT_CONVERSION = YES;
				CLANG_WARN_DEPRECATED_OBJC_IMPLEMENTATIONS = YES;
				CLANG_WARN_DIRECT_OBJC_ISA_USAGE = YES_ERROR;
				CLANG_WARN_DOCUMENTATION_COMMENTS = YES;
				CLANG_WARN_EMPTY_BODY = YES;
				CLANG_WARN_ENUM_CONVERSION = YES;
				CLANG_WARN_INFINITE_RECURSION = YES;
				CLANG_WARN_INT_CONVERSION = YES;
				CLANG_WARN_NON_LITERAL_NULL_CONVERSION = YES;
				CLANG_WARN_OBJC_IMPLICIT_RETAIN_SELF = YES;
				CLANG_WARN_OBJC_LITERAL_CONVERSION = YES;
				CLANG_WARN_OBJC_ROOT_CLASS = YES_ERROR;
				CLANG_WARN_RANGE_LOOP_ANALYSIS = YES;
				CLANG_WARN_STRICT_PROTOTYPES = YES;
				CLANG_WARN_SUSPICIOUS_MOVE = YES;
				CLANG_WARN_UNGUARDED_AVAILABILITY = YES_AGGRESSIVE;
				CLANG_WARN_UNREACHABLE_CODE = YES;
				CLANG_WARN__DUPLICATE_METHOD_MATCH = YES;
				COPY_PHASE_STRIP = NO;
				DEBUG_INFORMATION_FORMAT = "dwarf-with-dsym";
				ENABLE_NS_ASSERTIONS = NO;
				ENABLE_STRICT_OBJC_MSGSEND = YES;
				GCC_C_LANGUAGE_STANDARD = gnu11;
				GCC_NO_COMMON_BLOCKS = YES;
				GCC_WARN_64_TO_32_BIT_CONVERSION = YES;
				GCC_WARN_ABOUT_RETURN_TYPE = YES_ERROR;
				GCC_WARN_UNDECLARED_SELECTOR = YES;
				GCC_WARN_UNINITIALIZED_AUTOS = YES_AGGRESSIVE;
				GCC_WARN_UNUSED_FUNCTION = YES;
				GCC_WARN_UNUSED_VARIABLE = YES;
				IPHONEOS_DEPLOYMENT_TARGET = 13.2;
				MTL_ENABLE_DEBUG_INFO = NO;
				MTL_FAST_MATH = YES;
				SDKROOT = iphoneos;
				SWIFT_COMPILATION_MODE = wholemodule;
				SWIFT_OPTIMIZATION_LEVEL = "-O";
				VALIDATE_PRODUCT = YES;
			};
			name = Release;
		};
		F2D4717A23CE6366006A7CA3 /* Debug */ = {
			isa = XCBuildConfiguration;
			buildSettings = {
				ASSETCATALOG_COMPILER_APPICON_NAME = AppIcon;
				CODE_SIGN_STYLE = Automatic;
				INFOPLIST_FILE = Parth_C0766346_LA1/Info.plist;
				LD_RUNPATH_SEARCH_PATHS = (
					"$(inherited)",
					"@executable_path/Frameworks",
				);
				PRODUCT_BUNDLE_IDENTIFIER = "LCIN.Parth-C0766346-LA1";
				PRODUCT_NAME = "$(TARGET_NAME)";
				SWIFT_VERSION = 5.0;
				TARGETED_DEVICE_FAMILY = "1,2";
			};
			name = Debug;
		};
		F2D4717B23CE6366006A7CA3 /* Release */ = {
			isa = XCBuildConfiguration;
			buildSettings = {
				ASSETCATALOG_COMPILER_APPICON_NAME = AppIcon;
				CODE_SIGN_STYLE = Automatic;
				INFOPLIST_FILE = Parth_C0766346_LA1/Info.plist;
				LD_RUNPATH_SEARCH_PATHS = (
					"$(inherited)",
					"@executable_path/Frameworks",
				);
				PRODUCT_BUNDLE_IDENTIFIER = "LCIN.Parth-C0766346-LA1";
				PRODUCT_NAME = "$(TARGET_NAME)";
				SWIFT_VERSION = 5.0;
				TARGETED_DEVICE_FAMILY = "1,2";
			};
			name = Release;
		};
/* End XCBuildConfiguration section */

/* Begin XCConfigurationList section */
		F2D4716023CE6364006A7CA3 /* Build configuration list for PBXProject "Parth_C0766346_LA1" */ = {
			isa = XCConfigurationList;
			buildConfigurations = (
				F2D4717723CE6366006A7CA3 /* Debug */,
				F2D4717823CE6366006A7CA3 /* Release */,
			);
			defaultConfigurationIsVisible = 0;
			defaultConfigurationName = Release;
		};
		F2D4717923CE6366006A7CA3 /* Build configuration list for PBXNativeTarget "Parth_C0766346_LA1" */ = {
			isa = XCConfigurationList;
			buildConfigurations = (
				F2D4717A23CE6366006A7CA3 /* Debug */,
				F2D4717B23CE6366006A7CA3 /* Release */,
			);
			defaultConfigurationIsVisible = 0;
			defaultConfigurationName = Release;
		};
/* End XCConfigurationList section */
	};
	rootObject = F2D4715D23CE6364006A7CA3 /* Project object */;
}
